{
  "version": 4,
  "terraform_version": "1.5.5",
  "serial": 11,
  "lineage": "bd8ea0bc-723a-8c6a-be77-f529abe15439",
  "outputs": {
    "ec2_private_key": {
      "value": "-----BEGIN RSA PRIVATE KEY-----\nMIIEowIBAAKCAQEAwSUWx8OU4XEnk0FBz3aM4Nx36ebJmn3GRr26RVAzgEJ9/o+X\ny/ZWepntcaetJW+j8T3f1y174ar8XybtgcYax0xH27bS0y1491uf9J8NrojXR5OH\nQlc3KJLoT9BrAhKqX5dQWR+aPwRVN3nTP25ULmIY6ILhp/5Krr956EfFgWND2zxD\nKf5XVUj8MtABHT+/AmfMlffyF/Y+zTSM0QBfxFLcVYNkXoe7oq7UZF8TfCraAMat\nsfm/Zq7nFYRfCnle81XiXI8LbN0bvMJi+19Lcbv3JHDlQ0TnSt+LqKQ2suCAEeiA\nFsdZDTiidIuFAIQ5dzE+/RYLCpNdH97f/FdDjwIDAQABAoIBAAunIzK2OBtJ6mtV\n+pR7wJAofQudovgxMm8+LyjTZ+gLGvLq0uu5VwpakxrSVP33OFrrsr+WvOymlkdf\nX+D+hMsVbRhydVHMYon5+zKVDgxDsUleO0DjZi6Kfn2iQ3KCkcjmpjBaWcIHjuSj\n8vzWuTl7LamJi/fIvdTBNKew/NeLfMhZqVdmql2dF0ad65IuiRkRtC3Ten/DQ7rA\nYpD2s5W46jEw/YHktcX49XnkwpeJ/Hm16yIPWruBl0ZIc+d2LZzZqQLuL/74TlXN\nzISZRIWP974jwvh+OtpYRW1rLpsBPAwBzLxwJRQe5BA25pqfki0BZdiLGwHJfXRE\nDMTgR7ECgYEA1cppDepzpYC71s4B7c88gAFILxV7pJBdXON3gXEaqNOZlcf8dKEx\nje7VcWtfMvE8hHsaT8QQNuWYAhrlSj7upVIxbNmXQZIlJyujxfdwnY8ejmcYyV8Q\nlnDdsd2OwoAqQQ381P+VBut9yQDoW3QQgIivKEMk/nn+FQfHCBoe9jsCgYEA50cu\nhI5mc+qZhPnE/77Kcm/qDjAYUPINdJ+IpT/1/qZdWAbpTY/fMxjNo4hUJKJ16IMO\n2n/Qnrh9Zjeg4cgreyYswVqegrCddH65M9gtzCHGHRxr2VFJNLcaFHjRmZu86Ve1\nwLMshm2cy8imN5B0cpTt5empV1oJOTf6xU6Izr0CgYAJ5bb7V/FGpjEL/rmEIuXw\nHx8SXvI8ahqIZFdx/KR5UGJ51qpPU+8RXQ8wkwHzP8vHblOHgdImWHazEj+vMj6m\nFKoJGgGwnW1u5MxOK+hgwvFtMkSpfecsr8jzpQgo5PoPzO/5hGOH0HsgRRR8t2DU\nMn+5Y3Jg/ZDPtG54Z40rZQKBgFBXK9OkW/a8ciP9V++3aUAjnFzdXDUSQJZYrPEq\nrNuPEzH3BKiK5/AqF5VNUF2BihABJvHEIMZiND2D6YFFNcWL11Q7lIC1tZy4QMG/\nwPj+aoHGU7ikQhfr20VtSvJfZVpxu5N7KmZwQV2REByRM8Jx9co+RzMu9bFIvvY3\nd9LJAoGBAMrd3S0vs7DQBSCIRNqI9txcZDw4+Wc+3N8c2szexhHDE4KbockT+5ye\nMOM2Hiswe2Xb9gvkVJFzmdJeif76gsJqJdnFEJX7yDwCvZLlB67CL/lH4fyfFudF\n9jvtRYd8HSn/LJO1Jobf4WuCXFvYpFbKXaTD5jJ+qfoB4/pl/bK2\n-----END RSA PRIVATE KEY-----\n",
      "type": "string",
      "sensitive": true
    }
  },
  "resources": [
    {
      "mode": "managed",
      "type": "aws_instance",
      "name": "instance",
      "provider": "provider[\"registry.terraform.io/hashicorp/aws\"]",
      "instances": [
        {
          "schema_version": 1,
          "attributes": {
            "ami": "ami-0d52744d6551d851e",
            "arn": "arn:aws:ec2:ap-northeast-1:603713107417:instance/i-0a5196481e81293a6",
            "associate_public_ip_address": true,
            "availability_zone": "ap-northeast-1a",
            "capacity_reservation_specification": [
              {
                "capacity_reservation_preference": "open",
                "capacity_reservation_target": []
              }
            ],
            "cpu_core_count": 1,
            "cpu_threads_per_core": 1,
            "credit_specification": [
              {
                "cpu_credits": "standard"
              }
            ],
            "disable_api_stop": false,
            "disable_api_termination": false,
            "ebs_block_device": [],
            "ebs_optimized": false,
            "enclave_options": [
              {
                "enabled": false
              }
            ],
            "ephemeral_block_device": [],
            "get_password_data": false,
            "hibernation": false,
            "host_id": "",
            "host_resource_group_arn": null,
            "iam_instance_profile": "",
            "id": "i-0a5196481e81293a6",
            "instance_initiated_shutdown_behavior": "stop",
            "instance_state": "running",
            "instance_type": "t2.micro",
            "ipv6_address_count": 0,
            "ipv6_addresses": [],
            "key_name": "deployer-key",
            "launch_template": [],
            "maintenance_options": [
              {
                "auto_recovery": "default"
              }
            ],
            "metadata_options": [
              {
                "http_endpoint": "enabled",
                "http_put_response_hop_limit": 1,
                "http_tokens": "optional",
                "instance_metadata_tags": "disabled"
              }
            ],
            "monitoring": false,
            "network_interface": [],
            "outpost_arn": "",
            "password_data": "",
            "placement_group": "",
            "placement_partition_number": 0,
            "primary_network_interface_id": "eni-0837cadc1ce5ea8ba",
            "private_dns": "ip-172-31-40-236.ap-northeast-1.compute.internal",
            "private_dns_name_options": [
              {
                "enable_resource_name_dns_a_record": false,
                "enable_resource_name_dns_aaaa_record": false,
                "hostname_type": "ip-name"
              }
            ],
            "private_ip": "172.31.40.236",
            "public_dns": "ec2-54-199-39-67.ap-northeast-1.compute.amazonaws.com",
            "public_ip": "54.199.39.67",
            "root_block_device": [
              {
                "delete_on_termination": true,
                "device_name": "/dev/sda1",
                "encrypted": false,
                "iops": 100,
                "kms_key_id": "",
                "tags": {},
                "throughput": 0,
                "volume_id": "vol-04b941c03ae6d5037",
                "volume_size": 8,
                "volume_type": "gp2"
              }
            ],
            "secondary_private_ips": [],
            "security_groups": [
              "terraform-ec2-sg"
            ],
            "source_dest_check": true,
            "subnet_id": "subnet-0b98c196bdc4ad711",
            "tags": {
              "Name": "terraform-ec2"
            },
            "tags_all": {
              "Name": "terraform-ec2"
            },
            "tenancy": "default",
            "timeouts": null,
            "user_data": "0f1990e1b7e93273fb957c8b8f20dfc15d3b4510",
            "user_data_base64": null,
            "user_data_replace_on_change": false,
            "volume_tags": null,
            "vpc_security_group_ids": [
              "sg-0faff127a13f7e23c"
            ]
          },
          "sensitive_attributes": [],
          "private": "eyJlMmJmYjczMC1lY2FhLTExZTYtOGY4OC0zNDM2M2JjN2M0YzAiOnsiY3JlYXRlIjo2MDAwMDAwMDAwMDAsImRlbGV0ZSI6MTIwMDAwMDAwMDAwMCwidXBkYXRlIjo2MDAwMDAwMDAwMDB9LCJzY2hlbWFfdmVyc2lvbiI6IjEifQ==",
          "dependencies": [
            "aws_key_pair.key_pair",
            "aws_security_group.sg",
            "tls_private_key.key"
          ]
        }
      ]
    },
    {
      "mode": "managed",
      "type": "aws_key_pair",
      "name": "key_pair",
      "provider": "provider[\"registry.terraform.io/hashicorp/aws\"]",
      "instances": [
        {
          "schema_version": 1,
          "attributes": {
            "arn": "arn:aws:ec2:ap-northeast-1:603713107417:key-pair/deployer-key",
            "fingerprint": "a4:46:03:7e:51:f6:32:22:c9:2e:01:81:2a:9a:40:8f",
            "id": "deployer-key",
            "key_name": "deployer-key",
            "key_name_prefix": "",
            "key_pair_id": "key-0e03a7526fbc89acd",
            "key_type": "rsa",
            "public_key": "ssh-rsa AAAAB3NzaC1yc2EAAAADAQABAAABAQDBJRbHw5ThcSeTQUHPdozg3Hfp5smafcZGvbpFUDOAQn3+j5fL9lZ6me1xp60lb6PxPd/XLXvhqvxfJu2BxhrHTEfbttLTLXj3W5/0nw2uiNdHk4dCVzcokuhP0GsCEqpfl1BZH5o/BFU3edM/blQuYhjoguGn/kquv3noR8WBY0PbPEMp/ldVSPwy0AEdP78CZ8yV9/IX9j7NNIzRAF/EUtxVg2Reh7uirtRkXxN8KtoAxq2x+b9mrucVhF8KeV7zVeJcjwts3Ru8wmL7X0txu/ckcOVDROdK34uopDay4IAR6IAWx1kNOKJ0i4UAhDl3MT79FgsKk10f3t/8V0OP",
            "tags": null,
            "tags_all": {}
          },
          "sensitive_attributes": [],
          "private": "eyJzY2hlbWFfdmVyc2lvbiI6IjEifQ==",
          "dependencies": [
            "tls_private_key.key"
          ]
        }
      ]
    },
    {
      "mode": "managed",
      "type": "aws_security_group",
      "name": "sg",
      "provider": "provider[\"registry.terraform.io/hashicorp/aws\"]",
      "instances": [
        {
          "schema_version": 1,
          "attributes": {
            "arn": "arn:aws:ec2:ap-northeast-1:603713107417:security-group/sg-0faff127a13f7e23c",
            "description": "Managed by Terraform",
            "egress": [],
            "id": "sg-0faff127a13f7e23c",
            "ingress": [],
            "name": "terraform-ec2-sg",
            "name_prefix": "",
            "owner_id": "603713107417",
            "revoke_rules_on_delete": false,
            "tags": null,
            "tags_all": {},
            "timeouts": null,
            "vpc_id": "vpc-0d1384cc98244e86b"
          },
          "sensitive_attributes": [],
          "private": "eyJlMmJmYjczMC1lY2FhLTExZTYtOGY4OC0zNDM2M2JjN2M0YzAiOnsiY3JlYXRlIjo2MDAwMDAwMDAwMDAsImRlbGV0ZSI6OTAwMDAwMDAwMDAwfSwic2NoZW1hX3ZlcnNpb24iOiIxIn0="
        }
      ]
    },
    {
      "mode": "managed",
      "type": "aws_security_group_rule",
      "name": "egress_rule",
      "provider": "provider[\"registry.terraform.io/hashicorp/aws\"]",
      "instances": [
        {
          "schema_version": 2,
          "attributes": {
            "cidr_blocks": [
              "0.0.0.0/0"
            ],
            "description": null,
            "from_port": 0,
            "id": "sgrule-1652801693",
            "ipv6_cidr_blocks": null,
            "prefix_list_ids": null,
            "protocol": "-1",
            "security_group_id": "sg-0faff127a13f7e23c",
            "security_group_rule_id": "sgr-0a5e597c9d6cd9fcd",
            "self": false,
            "source_security_group_id": null,
            "timeouts": null,
            "to_port": 0,
            "type": "egress"
          },
          "sensitive_attributes": [],
          "private": "eyJlMmJmYjczMC1lY2FhLTExZTYtOGY4OC0zNDM2M2JjN2M0YzAiOnsiY3JlYXRlIjozMDAwMDAwMDAwMDB9LCJzY2hlbWFfdmVyc2lvbiI6IjIifQ==",
          "dependencies": [
            "aws_security_group.sg"
          ]
        }
      ]
    },
    {
      "mode": "managed",
      "type": "aws_security_group_rule",
      "name": "ingress_rules",
      "provider": "provider[\"registry.terraform.io/hashicorp/aws\"]",
      "instances": [
        {
          "index_key": "22",
          "schema_version": 2,
          "attributes": {
            "cidr_blocks": [
              "0.0.0.0/0"
            ],
            "description": null,
            "from_port": 22,
            "id": "sgrule-1309107582",
            "ipv6_cidr_blocks": null,
            "prefix_list_ids": null,
            "protocol": "tcp",
            "security_group_id": "sg-0faff127a13f7e23c",
            "security_group_rule_id": "sgr-07e6869c6c571200f",
            "self": false,
            "source_security_group_id": null,
            "timeouts": null,
            "to_port": 22,
            "type": "ingress"
          },
          "sensitive_attributes": [],
          "private": "eyJlMmJmYjczMC1lY2FhLTExZTYtOGY4OC0zNDM2M2JjN2M0YzAiOnsiY3JlYXRlIjozMDAwMDAwMDAwMDB9LCJzY2hlbWFfdmVyc2lvbiI6IjIifQ==",
          "dependencies": [
            "aws_security_group.sg"
          ]
        },
        {
          "index_key": "3306",
          "schema_version": 2,
          "attributes": {
            "cidr_blocks": [
              "0.0.0.0/0"
            ],
            "description": null,
            "from_port": 3306,
            "id": "sgrule-3959501253",
            "ipv6_cidr_blocks": null,
            "prefix_list_ids": null,
            "protocol": "tcp",
            "security_group_id": "sg-0faff127a13f7e23c",
            "security_group_rule_id": "sgr-074f07c86127f401e",
            "self": false,
            "source_security_group_id": null,
            "timeouts": null,
            "to_port": 3306,
            "type": "ingress"
          },
          "sensitive_attributes": [],
          "private": "eyJlMmJmYjczMC1lY2FhLTExZTYtOGY4OC0zNDM2M2JjN2M0YzAiOnsiY3JlYXRlIjozMDAwMDAwMDAwMDB9LCJzY2hlbWFfdmVyc2lvbiI6IjIifQ==",
          "dependencies": [
            "aws_security_group.sg"
          ]
        },
        {
          "index_key": "5432",
          "schema_version": 2,
          "attributes": {
            "cidr_blocks": [
              "0.0.0.0/0"
            ],
            "description": null,
            "from_port": 5432,
            "id": "sgrule-2789733865",
            "ipv6_cidr_blocks": null,
            "prefix_list_ids": null,
            "protocol": "tcp",
            "security_group_id": "sg-0faff127a13f7e23c",
            "security_group_rule_id": "sgr-064dc568c5c363a83",
            "self": false,
            "source_security_group_id": null,
            "timeouts": null,
            "to_port": 5432,
            "type": "ingress"
          },
          "sensitive_attributes": [],
          "private": "eyJlMmJmYjczMC1lY2FhLTExZTYtOGY4OC0zNDM2M2JjN2M0YzAiOnsiY3JlYXRlIjozMDAwMDAwMDAwMDB9LCJzY2hlbWFfdmVyc2lvbiI6IjIifQ==",
          "dependencies": [
            "aws_security_group.sg"
          ]
        },
        {
          "index_key": "80",
          "schema_version": 2,
          "attributes": {
            "cidr_blocks": [
              "0.0.0.0/0"
            ],
            "description": null,
            "from_port": 80,
            "id": "sgrule-4170004683",
            "ipv6_cidr_blocks": null,
            "prefix_list_ids": null,
            "protocol": "tcp",
            "security_group_id": "sg-0faff127a13f7e23c",
            "security_group_rule_id": "sgr-03f2bf29248d1360b",
            "self": false,
            "source_security_group_id": null,
            "timeouts": null,
            "to_port": 80,
            "type": "ingress"
          },
          "sensitive_attributes": [],
          "private": "eyJlMmJmYjczMC1lY2FhLTExZTYtOGY4OC0zNDM2M2JjN2M0YzAiOnsiY3JlYXRlIjozMDAwMDAwMDAwMDB9LCJzY2hlbWFfdmVyc2lvbiI6IjIifQ==",
          "dependencies": [
            "aws_security_group.sg"
          ]
        },
        {
          "index_key": "8080",
          "schema_version": 2,
          "attributes": {
            "cidr_blocks": [
              "0.0.0.0/0"
            ],
            "description": null,
            "from_port": 8080,
            "id": "sgrule-1665281427",
            "ipv6_cidr_blocks": null,
            "prefix_list_ids": null,
            "protocol": "tcp",
            "security_group_id": "sg-0faff127a13f7e23c",
            "security_group_rule_id": "sgr-00afa2edc8b571978",
            "self": false,
            "source_security_group_id": null,
            "timeouts": null,
            "to_port": 8080,
            "type": "ingress"
          },
          "sensitive_attributes": [],
          "private": "eyJlMmJmYjczMC1lY2FhLTExZTYtOGY4OC0zNDM2M2JjN2M0YzAiOnsiY3JlYXRlIjozMDAwMDAwMDAwMDB9LCJzY2hlbWFfdmVyc2lvbiI6IjIifQ==",
          "dependencies": [
            "aws_security_group.sg"
          ]
        }
      ]
    },
    {
      "mode": "managed",
      "type": "tls_private_key",
      "name": "key",
      "provider": "provider[\"registry.terraform.io/hashicorp/tls\"]",
      "instances": [
        {
          "schema_version": 1,
          "attributes": {
            "algorithm": "RSA",
            "ecdsa_curve": "P224",
            "id": "5c85c44a0f88565264109f73be99e2d9e82a322f",
            "private_key_openssh": "-----BEGIN OPENSSH PRIVATE KEY-----\nb3BlbnNzaC1rZXktdjEAAAAABG5vbmUAAAAEbm9uZQAAAAAAAAABAAABFwAAAAdz\nc2gtcnNhAAAAAwEAAQAAAQEAwSUWx8OU4XEnk0FBz3aM4Nx36ebJmn3GRr26RVAz\ngEJ9/o+Xy/ZWepntcaetJW+j8T3f1y174ar8XybtgcYax0xH27bS0y1491uf9J8N\nrojXR5OHQlc3KJLoT9BrAhKqX5dQWR+aPwRVN3nTP25ULmIY6ILhp/5Krr956EfF\ngWND2zxDKf5XVUj8MtABHT+/AmfMlffyF/Y+zTSM0QBfxFLcVYNkXoe7oq7UZF8T\nfCraAMatsfm/Zq7nFYRfCnle81XiXI8LbN0bvMJi+19Lcbv3JHDlQ0TnSt+LqKQ2\nsuCAEeiAFsdZDTiidIuFAIQ5dzE+/RYLCpNdH97f/FdDjwAAA7hLXaJpS12iaQAA\nAAdzc2gtcnNhAAABAQDBJRbHw5ThcSeTQUHPdozg3Hfp5smafcZGvbpFUDOAQn3+\nj5fL9lZ6me1xp60lb6PxPd/XLXvhqvxfJu2BxhrHTEfbttLTLXj3W5/0nw2uiNdH\nk4dCVzcokuhP0GsCEqpfl1BZH5o/BFU3edM/blQuYhjoguGn/kquv3noR8WBY0Pb\nPEMp/ldVSPwy0AEdP78CZ8yV9/IX9j7NNIzRAF/EUtxVg2Reh7uirtRkXxN8KtoA\nxq2x+b9mrucVhF8KeV7zVeJcjwts3Ru8wmL7X0txu/ckcOVDROdK34uopDay4IAR\n6IAWx1kNOKJ0i4UAhDl3MT79FgsKk10f3t/8V0OPAAAAAwEAAQAAAQALpyMytjgb\nSeprVfqUe8CQKH0LnaL4MTJvPi8o02foCxry6tLruVcKWpMa0lT99zha67K/lrzs\nppZHX1/g/oTLFW0YcnVRzGKJ+fsylQ4MQ7FJXjtA42Yuin59okNygpHI5qYwWlnC\nB47ko/L81rk5ey2piYv3yL3UwTSnsPzXi3zIWalXZqpdnRdGneuSLokZEbQt03p/\nw0O6wGKQ9rOVuOoxMP2B5LXF+PV55MKXifx5tesiD1q7gZdGSHPndi2c2akC7i/+\n+E5VzcyEmUSFj/e+I8L4fjraWEVtay6bATwMAcy8cCUUHuQQNuaan5ItAWXYixsB\nyX10RAzE4EexAAAAgQDK3d0tL7Ow0AUgiETaiPbcXGQ8OPlnPtzfHNrM3sYRwxOC\nm6HJE/ucnjDjNh4rMHtl2/YL5FSRc5nSXon++oLCaiXZxRCV+8g8Ar2S5Qeuwi/5\nR+H8nxbnRfY77UWHfB0p/yyTtSaG3+Frglxb2KRWyl2kw+Yyfqn6AeP6Zf2ytgAA\nAIEA1cppDepzpYC71s4B7c88gAFILxV7pJBdXON3gXEaqNOZlcf8dKExje7VcWtf\nMvE8hHsaT8QQNuWYAhrlSj7upVIxbNmXQZIlJyujxfdwnY8ejmcYyV8QlnDdsd2O\nwoAqQQ381P+VBut9yQDoW3QQgIivKEMk/nn+FQfHCBoe9jsAAACBAOdHLoSOZnPq\nmYT5xP++ynJv6g4wGFDyDXSfiKU/9f6mXVgG6U2P3zMYzaOIVCSideiDDtp/0J64\nfWY3oOHIK3smLMFanoKwnXR+uTPYLcwhxh0ca9lRSTS3GhR40ZmbvOlXtcCzLIZt\nnMvIpjeQdHKU7eXpqVdaCTk3+sVOiM69AAAAAAEC\n-----END OPENSSH PRIVATE KEY-----\n",
            "private_key_pem": "-----BEGIN RSA PRIVATE KEY-----\nMIIEowIBAAKCAQEAwSUWx8OU4XEnk0FBz3aM4Nx36ebJmn3GRr26RVAzgEJ9/o+X\ny/ZWepntcaetJW+j8T3f1y174ar8XybtgcYax0xH27bS0y1491uf9J8NrojXR5OH\nQlc3KJLoT9BrAhKqX5dQWR+aPwRVN3nTP25ULmIY6ILhp/5Krr956EfFgWND2zxD\nKf5XVUj8MtABHT+/AmfMlffyF/Y+zTSM0QBfxFLcVYNkXoe7oq7UZF8TfCraAMat\nsfm/Zq7nFYRfCnle81XiXI8LbN0bvMJi+19Lcbv3JHDlQ0TnSt+LqKQ2suCAEeiA\nFsdZDTiidIuFAIQ5dzE+/RYLCpNdH97f/FdDjwIDAQABAoIBAAunIzK2OBtJ6mtV\n+pR7wJAofQudovgxMm8+LyjTZ+gLGvLq0uu5VwpakxrSVP33OFrrsr+WvOymlkdf\nX+D+hMsVbRhydVHMYon5+zKVDgxDsUleO0DjZi6Kfn2iQ3KCkcjmpjBaWcIHjuSj\n8vzWuTl7LamJi/fIvdTBNKew/NeLfMhZqVdmql2dF0ad65IuiRkRtC3Ten/DQ7rA\nYpD2s5W46jEw/YHktcX49XnkwpeJ/Hm16yIPWruBl0ZIc+d2LZzZqQLuL/74TlXN\nzISZRIWP974jwvh+OtpYRW1rLpsBPAwBzLxwJRQe5BA25pqfki0BZdiLGwHJfXRE\nDMTgR7ECgYEA1cppDepzpYC71s4B7c88gAFILxV7pJBdXON3gXEaqNOZlcf8dKEx\nje7VcWtfMvE8hHsaT8QQNuWYAhrlSj7upVIxbNmXQZIlJyujxfdwnY8ejmcYyV8Q\nlnDdsd2OwoAqQQ381P+VBut9yQDoW3QQgIivKEMk/nn+FQfHCBoe9jsCgYEA50cu\nhI5mc+qZhPnE/77Kcm/qDjAYUPINdJ+IpT/1/qZdWAbpTY/fMxjNo4hUJKJ16IMO\n2n/Qnrh9Zjeg4cgreyYswVqegrCddH65M9gtzCHGHRxr2VFJNLcaFHjRmZu86Ve1\nwLMshm2cy8imN5B0cpTt5empV1oJOTf6xU6Izr0CgYAJ5bb7V/FGpjEL/rmEIuXw\nHx8SXvI8ahqIZFdx/KR5UGJ51qpPU+8RXQ8wkwHzP8vHblOHgdImWHazEj+vMj6m\nFKoJGgGwnW1u5MxOK+hgwvFtMkSpfecsr8jzpQgo5PoPzO/5hGOH0HsgRRR8t2DU\nMn+5Y3Jg/ZDPtG54Z40rZQKBgFBXK9OkW/a8ciP9V++3aUAjnFzdXDUSQJZYrPEq\nrNuPEzH3BKiK5/AqF5VNUF2BihABJvHEIMZiND2D6YFFNcWL11Q7lIC1tZy4QMG/\nwPj+aoHGU7ikQhfr20VtSvJfZVpxu5N7KmZwQV2REByRM8Jx9co+RzMu9bFIvvY3\nd9LJAoGBAMrd3S0vs7DQBSCIRNqI9txcZDw4+Wc+3N8c2szexhHDE4KbockT+5ye\nMOM2Hiswe2Xb9gvkVJFzmdJeif76gsJqJdnFEJX7yDwCvZLlB67CL/lH4fyfFudF\n9jvtRYd8HSn/LJO1Jobf4WuCXFvYpFbKXaTD5jJ+qfoB4/pl/bK2\n-----END RSA PRIVATE KEY-----\n",
            "private_key_pem_pkcs8": "-----BEGIN PRIVATE KEY-----\nMIIEvQIBADANBgkqhkiG9w0BAQEFAASCBKcwggSjAgEAAoIBAQDBJRbHw5ThcSeT\nQUHPdozg3Hfp5smafcZGvbpFUDOAQn3+j5fL9lZ6me1xp60lb6PxPd/XLXvhqvxf\nJu2BxhrHTEfbttLTLXj3W5/0nw2uiNdHk4dCVzcokuhP0GsCEqpfl1BZH5o/BFU3\nedM/blQuYhjoguGn/kquv3noR8WBY0PbPEMp/ldVSPwy0AEdP78CZ8yV9/IX9j7N\nNIzRAF/EUtxVg2Reh7uirtRkXxN8KtoAxq2x+b9mrucVhF8KeV7zVeJcjwts3Ru8\nwmL7X0txu/ckcOVDROdK34uopDay4IAR6IAWx1kNOKJ0i4UAhDl3MT79FgsKk10f\n3t/8V0OPAgMBAAECggEAC6cjMrY4G0nqa1X6lHvAkCh9C52i+DEybz4vKNNn6Asa\n8urS67lXClqTGtJU/fc4Wuuyv5a87KaWR19f4P6EyxVtGHJ1Ucxiifn7MpUODEOx\nSV47QONmLop+faJDcoKRyOamMFpZwgeO5KPy/Na5OXstqYmL98i91ME0p7D814t8\nyFmpV2aqXZ0XRp3rki6JGRG0LdN6f8NDusBikPazlbjqMTD9geS1xfj1eeTCl4n8\nebXrIg9au4GXRkhz53YtnNmpAu4v/vhOVc3MhJlEhY/3viPC+H462lhFbWsumwE8\nDAHMvHAlFB7kEDbmmp+SLQFl2IsbAcl9dEQMxOBHsQKBgQDVymkN6nOlgLvWzgHt\nzzyAAUgvFXukkF1c43eBcRqo05mVx/x0oTGN7tVxa18y8TyEexpPxBA25ZgCGuVK\nPu6lUjFs2ZdBkiUnK6PF93Cdjx6OZxjJXxCWcN2x3Y7CgCpBDfzU/5UG633JAOhb\ndBCAiK8oQyT+ef4VB8cIGh72OwKBgQDnRy6EjmZz6pmE+cT/vspyb+oOMBhQ8g10\nn4ilP/X+pl1YBulNj98zGM2jiFQkonXogw7af9CeuH1mN6DhyCt7JizBWp6CsJ10\nfrkz2C3MIcYdHGvZUUk0txoUeNGZm7zpV7XAsyyGbZzLyKY3kHRylO3l6alXWgk5\nN/rFTojOvQKBgAnltvtX8UamMQv+uYQi5fAfHxJe8jxqGohkV3H8pHlQYnnWqk9T\n7xFdDzCTAfM/y8duU4eB0iZYdrMSP68yPqYUqgkaAbCdbW7kzE4r6GDC8W0yRKl9\n5yyvyPOlCCjk+g/M7/mEY4fQeyBFFHy3YNQyf7ljcmD9kM+0bnhnjStlAoGAUFcr\n06Rb9rxyI/1X77dpQCOcXN1cNRJAllis8Sqs248TMfcEqIrn8CoXlU1QXYGKEAEm\n8cQgxmI0PYPpgUU1xYvXVDuUgLW1nLhAwb/A+P5qgcZTuKRCF+vbRW1K8l9lWnG7\nk3sqZnBBXZEQHJEzwnH1yj5HMy71sUi+9jd30skCgYEAyt3dLS+zsNAFIIhE2oj2\n3FxkPDj5Zz7c3xzazN7GEcMTgpuhyRP7nJ4w4zYeKzB7Zdv2C+RUkXOZ0l6J/vqC\nwmol2cUQlfvIPAK9kuUHrsIv+Ufh/J8W50X2O+1Fh3wdKf8sk7Umht/ha4JcW9ik\nVspdpMPmMn6p+gHj+mX9srY=\n-----END PRIVATE KEY-----\n",
            "public_key_fingerprint_md5": "2a:57:03:60:08:27:22:99:c3:0f:e5:c0:ec:89:1d:32",
            "public_key_fingerprint_sha256": "SHA256:wkD/s5OkooqGv/lA+Dq6vtyQdDiFkyGGEWO5oEJcjfU",
            "public_key_openssh": "ssh-rsa AAAAB3NzaC1yc2EAAAADAQABAAABAQDBJRbHw5ThcSeTQUHPdozg3Hfp5smafcZGvbpFUDOAQn3+j5fL9lZ6me1xp60lb6PxPd/XLXvhqvxfJu2BxhrHTEfbttLTLXj3W5/0nw2uiNdHk4dCVzcokuhP0GsCEqpfl1BZH5o/BFU3edM/blQuYhjoguGn/kquv3noR8WBY0PbPEMp/ldVSPwy0AEdP78CZ8yV9/IX9j7NNIzRAF/EUtxVg2Reh7uirtRkXxN8KtoAxq2x+b9mrucVhF8KeV7zVeJcjwts3Ru8wmL7X0txu/ckcOVDROdK34uopDay4IAR6IAWx1kNOKJ0i4UAhDl3MT79FgsKk10f3t/8V0OP\n",
            "public_key_pem": "-----BEGIN PUBLIC KEY-----\nMIIBIjANBgkqhkiG9w0BAQEFAAOCAQ8AMIIBCgKCAQEAwSUWx8OU4XEnk0FBz3aM\n4Nx36ebJmn3GRr26RVAzgEJ9/o+Xy/ZWepntcaetJW+j8T3f1y174ar8XybtgcYa\nx0xH27bS0y1491uf9J8NrojXR5OHQlc3KJLoT9BrAhKqX5dQWR+aPwRVN3nTP25U\nLmIY6ILhp/5Krr956EfFgWND2zxDKf5XVUj8MtABHT+/AmfMlffyF/Y+zTSM0QBf\nxFLcVYNkXoe7oq7UZF8TfCraAMatsfm/Zq7nFYRfCnle81XiXI8LbN0bvMJi+19L\ncbv3JHDlQ0TnSt+LqKQ2suCAEeiAFsdZDTiidIuFAIQ5dzE+/RYLCpNdH97f/FdD\njwIDAQAB\n-----END PUBLIC KEY-----\n",
            "rsa_bits": 2048
          },
          "sensitive_attributes": []
        }
      ]
    }
  ],
  "check_results": null
}
